
Microsoft Visual Studio Solution File, Format Version 12.00
# Visual Studio 15
VisualStudioVersion = 15.0.26730.16
MinimumVisualStudioVersion = 10.0.40219.1
Project("{FAE04EC0-301F-11D3-BF4B-00C04F79EFBC}") = "MediatorTest", "MediatorTest\MediatorTest.csproj", "{1A2FA4DA-3989-4056-B61F-B723C4E852CD}"
EndProject
Global
	GlobalSection(SolutionConfigurationPlatforms) = preSolution
		Debug|Any CPU = Debug|Any CPU
		Release|Any CPU = Release|Any CPU
	EndGlobalSection
	GlobalSection(ProjectConfigurationPlatforms) = postSolution
		{1A2FA4DA-3989-4056-B61F-B723C4E852CD}.Debug|Any CPU.ActiveCfg = Debug|Any CPU
		{1A2FA4DA-3989-4056-B61F-B723C4E852CD}.Debug|Any CPU.Build.0 = Debug|Any CPU
		{1A2FA4DA-3989-4056-B61F-B723C4E852CD}.Release|Any CPU.ActiveCfg = Release|Any CPU
		{1A2FA4DA-3989-4056-B61F-B723C4E852CD}.Release|Any CPU.Build.0 = Release|Any CPU
	EndGlobalSection
	GlobalSection(SolutionProperties) = preSolution
		HideSolutionNode = FALSE
	EndGlobalSection
	GlobalSection(ExtensibilityGlobals) = postSolution
		SolutionGuid = {5EF139F9-FEE9-41AF-BBC9-DF0A0C9ABA0A}
	EndGlobalSection
EndGlobal
